
Microsoft Visual Studio Solution File, Format Version 12.00
# Visual Studio Version 16
VisualStudioVersion = 16.0.30503.244
MinimumVisualStudioVersion = 10.0.40219.1
Project("{FAE04EC0-301F-11D3-BF4B-00C04F79EFBC}") = "FunctionApp1DemoExample", "FunctionApp1DemoExample\FunctionApp1DemoExample.csproj", "{9B0D8D89-99BC-4046-8782-2D8EC0FBA2D3}"
EndProject
Global
	GlobalSection(SolutionConfigurationPlatforms) = preSolution
		Debug|Any CPU = Debug|Any CPU
		Release|Any CPU = Release|Any CPU
	EndGlobalSection
	GlobalSection(ProjectConfigurationPlatforms) = postSolution
		{9B0D8D89-99BC-4046-8782-2D8EC0FBA2D3}.Debug|Any CPU.ActiveCfg = Debug|Any CPU
		{9B0D8D89-99BC-4046-8782-2D8EC0FBA2D3}.Debug|Any CPU.Build.0 = Debug|Any CPU
		{9B0D8D89-99BC-4046-8782-2D8EC0FBA2D3}.Release|Any CPU.ActiveCfg = Release|Any CPU
		{9B0D8D89-99BC-4046-8782-2D8EC0FBA2D3}.Release|Any CPU.Build.0 = Release|Any CPU
	EndGlobalSection
	GlobalSection(SolutionProperties) = preSolution
		HideSolutionNode = FALSE
	EndGlobalSection
	GlobalSection(ExtensibilityGlobals) = postSolution
		SolutionGuid = {1BC21DE0-2821-43FE-8B78-813363C315BA}
	EndGlobalSection
EndGlobal
